
Microsoft Visual Studio Solution File, Format Version 12.00
# Visual Studio Version 16
VisualStudioVersion = 16.0.29020.237
MinimumVisualStudioVersion = 10.0.40219.1
Project("{FAE04EC0-301F-11D3-BF4B-00C04F79EFBC}") = "Final Web Project", "Final Web Project.csproj", "{B41E358F-EBFA-4E01-92C6-9E335F1C5F84}"
EndProject
Global
	GlobalSection(SolutionConfigurationPlatforms) = preSolution
		Debug|Any CPU = Debug|Any CPU
		Release|Any CPU = Release|Any CPU
	EndGlobalSection
	GlobalSection(ProjectConfigurationPlatforms) = postSolution
		{B41E358F-EBFA-4E01-92C6-9E335F1C5F84}.Debug|Any CPU.ActiveCfg = Debug|Any CPU
		{B41E358F-EBFA-4E01-92C6-9E335F1C5F84}.Debug|Any CPU.Build.0 = Debug|Any CPU
		{B41E358F-EBFA-4E01-92C6-9E335F1C5F84}.Release|Any CPU.ActiveCfg = Release|Any CPU
		{B41E358F-EBFA-4E01-92C6-9E335F1C5F84}.Release|Any CPU.Build.0 = Release|Any CPU
	EndGlobalSection
	GlobalSection(SolutionProperties) = preSolution
		HideSolutionNode = FALSE
	EndGlobalSection
	GlobalSection(ExtensibilityGlobals) = postSolution
		SolutionGuid = {21E6BDCB-D2EE-44DB-95FF-855D8BEEC6D0}
	EndGlobalSection
EndGlobal
